// !$*UTF8*$!
{
	archiveVersion = 1;
	classes = {
	};
	objectVersion = 56;
	objects = {

/* Begin PBXBuildFile section */
		8C9EBFFE2A8D488A009B745A /* AppDelegate.swift in Sources */ = {isa = PBXBuildFile; fileRef = 8C9EBFFD2A8D488A009B745A /* AppDelegate.swift */; };
		8C9EC0002A8D488A009B745A /* ViewController.swift in Sources */ = {isa = PBXBuildFile; fileRef = 8C9EBFFF2A8D488A009B745A /* ViewController.swift */; };
		8C9EC0022A8D488A009B745A /* Experience.rcproject in Sources */ = {isa = PBXBuildFile; fileRef = 8C9EC0012A8D488A009B745A /* Experience.rcproject */; };
		8C9EC0072A8D488C009B745A /* Assets.xcassets in Resources */ = {isa = PBXBuildFile; fileRef = 8C9EC0062A8D488C009B745A /* Assets.xcassets */; };
		8C9EC00A2A8D488C009B745A /* LaunchScreen.storyboard in Resources */ = {isa = PBXBuildFile; fileRef = 8C9EC0082A8D488C009B745A /* LaunchScreen.storyboard */; };
		8C9EC0142A8D488D009B745A /* ARCubeShooterTests.swift in Sources */ = {isa = PBXBuildFile; fileRef = 8C9EC0132A8D488D009B745A /* ARCubeShooterTests.swift */; };
		8C9EC01E2A8D488D009B745A /* ARCubeShooterUITests.swift in Sources */ = {isa = PBXBuildFile; fileRef = 8C9EC01D2A8D488D009B745A /* ARCubeShooterUITests.swift */; };
		8C9EC0202A8D488D009B745A /* ARCubeShooterUITestsLaunchTests.swift in Sources */ = {isa = PBXBuildFile; fileRef = 8C9EC01F2A8D488D009B745A /* ARCubeShooterUITestsLaunchTests.swift */; };
		8C9EC02D2A8D48D3009B745A /* HomeViewController.swift in Sources */ = {isa = PBXBuildFile; fileRef = 8C9EC02C2A8D48D3009B745A /* HomeViewController.swift */; };
		8C9EC0302A8D48FB009B745A /* HomeView.storyboard in Resources */ = {isa = PBXBuildFile; fileRef = 8C9EC02F2A8D48FB009B745A /* HomeView.storyboard */; };
/* End PBXBuildFile section */

/* Begin PBXContainerItemProxy section */
		8C9EC0102A8D488D009B745A /* PBXContainerItemProxy */ = {
			isa = PBXContainerItemProxy;
			containerPortal = 8C9EBFF22A8D488A009B745A /* Project object */;
			proxyType = 1;
			remoteGlobalIDString = 8C9EBFF92A8D488A009B745A;
			remoteInfo = ARCubeShooter;
		};
		8C9EC01A2A8D488D009B745A /* PBXContainerItemProxy */ = {
			isa = PBXContainerItemProxy;
			containerPortal = 8C9EBFF22A8D488A009B745A /* Project object */;
			proxyType = 1;
			remoteGlobalIDString = 8C9EBFF92A8D488A009B745A;
			remoteInfo = ARCubeShooter;
		};
/* End PBXContainerItemProxy section */

/* Begin PBXFileReference section */
		8C9EBFFA2A8D488A009B745A /* ARCubeShooter.app */ = {isa = PBXFileReference; explicitFileType = wrapper.application; includeInIndex = 0; path = ARCubeShooter.app; sourceTree = BUILT_PRODUCTS_DIR; };
		8C9EBFFD2A8D488A009B745A /* AppDelegate.swift */ = {isa = PBXFileReference; lastKnownFileType = sourcecode.swift; path = AppDelegate.swift; sourceTree = "<group>"; };
		8C9EBFFF2A8D488A009B745A /* ViewController.swift */ = {isa = PBXFileReference; lastKnownFileType = sourcecode.swift; path = ViewController.swift; sourceTree = "<group>"; };
		8C9EC0012A8D488A009B745A /* Experience.rcproject */ = {isa = PBXFileReference; lastKnownFileType = file.rcproject; path = Experience.rcproject; sourceTree = "<group>"; };
		8C9EC0062A8D488C009B745A /* Assets.xcassets */ = {isa = PBXFileReference; lastKnownFileType = folder.assetcatalog; path = Assets.xcassets; sourceTree = "<group>"; };
		8C9EC0092A8D488C009B745A /* Base */ = {isa = PBXFileReference; lastKnownFileType = file.storyboard; name = Base; path = Base.lproj/LaunchScreen.storyboard; sourceTree = "<group>"; };
		8C9EC00F2A8D488C009B745A /* ARCubeShooterTests.xctest */ = {isa = PBXFileReference; explicitFileType = wrapper.cfbundle; includeInIndex = 0; path = ARCubeShooterTests.xctest; sourceTree = BUILT_PRODUCTS_DIR; };
		8C9EC0132A8D488D009B745A /* ARCubeShooterTests.swift */ = {isa = PBXFileReference; lastKnownFileType = sourcecode.swift; path = ARCubeShooterTests.swift; sourceTree = "<group>"; };
		8C9EC0192A8D488D009B745A /* ARCubeShooterUITests.xctest */ = {isa = PBXFileReference; explicitFileType = wrapper.cfbundle; includeInIndex = 0; path = ARCubeShooterUITests.xctest; sourceTree = BUILT_PRODUCTS_DIR; };
		8C9EC01D2A8D488D009B745A /* ARCubeShooterUITests.swift */ = {isa = PBXFileReference; lastKnownFileType = sourcecode.swift; path = ARCubeShooterUITests.swift; sourceTree = "<group>"; };
		8C9EC01F2A8D488D009B745A /* ARCubeShooterUITestsLaunchTests.swift */ = {isa = PBXFileReference; lastKnownFileType = sourcecode.swift; path = ARCubeShooterUITestsLaunchTests.swift; sourceTree = "<group>"; };
		8C9EC02C2A8D48D3009B745A /* HomeViewController.swift */ = {isa = PBXFileReference; lastKnownFileType = sourcecode.swift; path = HomeViewController.swift; sourceTree = "<group>"; };
		8C9EC02F2A8D48FB009B745A /* HomeView.storyboard */ = {isa = PBXFileReference; lastKnownFileType = file.storyboard; path = HomeView.storyboard; sourceTree = "<group>"; };
/* End PBXFileReference section */

/* Begin PBXFrameworksBuildPhase section */
		8C9EBFF72A8D488A009B745A /* Frameworks */ = {
			isa = PBXFrameworksBuildPhase;
			buildActionMask = 2147483647;
			files = (
			);
			runOnlyForDeploymentPostprocessing = 0;
		};
		8C9EC00C2A8D488C009B745A /* Frameworks */ = {
			isa = PBXFrameworksBuildPhase;
			buildActionMask = 2147483647;
			files = (
			);
			runOnlyForDeploymentPostprocessing = 0;
		};
		8C9EC0162A8D488D009B745A /* Frameworks */ = {
			isa = PBXFrameworksBuildPhase;
			buildActionMask = 2147483647;
			files = (
			);
			runOnlyForDeploymentPostprocessing = 0;
		};
/* End PBXFrameworksBuildPhase section */

/* Begin PBXGroup section */
		8C9EBFF12A8D488A009B745A = {
			isa = PBXGroup;
			children = (
				8C9EBFFC2A8D488A009B745A /* ARCubeShooter */,
				8C9EC0122A8D488D009B745A /* ARCubeShooterTests */,
				8C9EC01C2A8D488D009B745A /* ARCubeShooterUITests */,
				8C9EBFFB2A8D488A009B745A /* Products */,
			);
			sourceTree = "<group>";
		};
		8C9EBFFB2A8D488A009B745A /* Products */ = {
			isa = PBXGroup;
			children = (
				8C9EBFFA2A8D488A009B745A /* ARCubeShooter.app */,
				8C9EC00F2A8D488C009B745A /* ARCubeShooterTests.xctest */,
				8C9EC0192A8D488D009B745A /* ARCubeShooterUITests.xctest */,
			);
			name = Products;
			sourceTree = "<group>";
		};
		8C9EBFFC2A8D488A009B745A /* ARCubeShooter */ = {
			isa = PBXGroup;
			children = (
				8C9EC02E2A8D48DE009B745A /* view */,
				8C9EBFFD2A8D488A009B745A /* AppDelegate.swift */,
				8C9EBFFF2A8D488A009B745A /* ViewController.swift */,
				8C9EC0012A8D488A009B745A /* Experience.rcproject */,
				8C9EC0062A8D488C009B745A /* Assets.xcassets */,
				8C9EC0082A8D488C009B745A /* LaunchScreen.storyboard */,
			);
			path = ARCubeShooter;
			sourceTree = "<group>";
		};
		8C9EC0122A8D488D009B745A /* ARCubeShooterTests */ = {
			isa = PBXGroup;
			children = (
				8C9EC0132A8D488D009B745A /* ARCubeShooterTests.swift */,
			);
			path = ARCubeShooterTests;
			sourceTree = "<group>";
		};
		8C9EC01C2A8D488D009B745A /* ARCubeShooterUITests */ = {
			isa = PBXGroup;
			children = (
				8C9EC01D2A8D488D009B745A /* ARCubeShooterUITests.swift */,
				8C9EC01F2A8D488D009B745A /* ARCubeShooterUITestsLaunchTests.swift */,
			);
			path = ARCubeShooterUITests;
			sourceTree = "<group>";
		};
		8C9EC02E2A8D48DE009B745A /* view */ = {
			isa = PBXGroup;
			children = (
				8C9EC02C2A8D48D3009B745A /* HomeViewController.swift */,
				8C9EC02F2A8D48FB009B745A /* HomeView.storyboard */,
			);
			path = view;
			sourceTree = "<group>";
		};
/* End PBXGroup section */

/* Begin PBXNativeTarget section */
		8C9EBFF92A8D488A009B745A /* ARCubeShooter */ = {
			isa = PBXNativeTarget;
			buildConfigurationList = 8C9EC0232A8D488D009B745A /* Build configuration list for PBXNativeTarget "ARCubeShooter" */;
			buildPhases = (
				8C9EBFF62A8D488A009B745A /* Sources */,
				8C9EBFF72A8D488A009B745A /* Frameworks */,
				8C9EBFF82A8D488A009B745A /* Resources */,
			);
			buildRules = (
			);
			dependencies = (
			);
			name = ARCubeShooter;
			productName = ARCubeShooter;
			productReference = 8C9EBFFA2A8D488A009B745A /* ARCubeShooter.app */;
			productType = "com.apple.product-type.application";
		};
		8C9EC00E2A8D488C009B745A /* ARCubeShooterTests */ = {
			isa = PBXNativeTarget;
			buildConfigurationList = 8C9EC0262A8D488D009B745A /* Build configuration list for PBXNativeTarget "ARCubeShooterTests" */;
			buildPhases = (
				8C9EC00B2A8D488C009B745A /* Sources */,
				8C9EC00C2A8D488C009B745A /* Frameworks */,
				8C9EC00D2A8D488C009B745A /* Resources */,
			);
			buildRules = (
			);
			dependencies = (
				8C9EC0112A8D488D009B745A /* PBXTargetDependency */,
			);
			name = ARCubeShooterTests;
			productName = ARCubeShooterTests;
			productReference = 8C9EC00F2A8D488C009B745A /* ARCubeShooterTests.xctest */;
			productType = "com.apple.product-type.bundle.unit-test";
		};
		8C9EC0182A8D488D009B745A /* ARCubeShooterUITests */ = {
			isa = PBXNativeTarget;
			buildConfigurationList = 8C9EC0292A8D488D009B745A /* Build configuration list for PBXNativeTarget "ARCubeShooterUITests" */;
			buildPhases = (
				8C9EC0152A8D488D009B745A /* Sources */,
				8C9EC0162A8D488D009B745A /* Frameworks */,
				8C9EC0172A8D488D009B745A /* Resources */,
			);
			buildRules = (
			);
			dependencies = (
				8C9EC01B2A8D488D009B745A /* PBXTargetDependency */,
			);
			name = ARCubeShooterUITests;
			productName = ARCubeShooterUITests;
			productReference = 8C9EC0192A8D488D009B745A /* ARCubeShooterUITests.xctest */;
			productType = "com.apple.product-type.bundle.ui-testing";
		};
/* End PBXNativeTarget section */

/* Begin PBXProject section */
		8C9EBFF22A8D488A009B745A /* Project object */ = {
			isa = PBXProject;
			attributes = {
				BuildIndependentTargetsInParallel = 1;
				LastSwiftUpdateCheck = 1430;
				LastUpgradeCheck = 1430;
				TargetAttributes = {
					8C9EBFF92A8D488A009B745A = {
						CreatedOnToolsVersion = 14.3.1;
					};
					8C9EC00E2A8D488C009B745A = {
						CreatedOnToolsVersion = 14.3.1;
						TestTargetID = 8C9EBFF92A8D488A009B745A;
					};
					8C9EC0182A8D488D009B745A = {
						CreatedOnToolsVersion = 14.3.1;
						TestTargetID = 8C9EBFF92A8D488A009B745A;
					};
				};
			};
			buildConfigurationList = 8C9EBFF52A8D488A009B745A /* Build configuration list for PBXProject "ARCubeShooter" */;
			compatibilityVersion = "Xcode 14.0";
			developmentRegion = en;
			hasScannedForEncodings = 0;
			knownRegions = (
				en,
				Base,
			);
			mainGroup = 8C9EBFF12A8D488A009B745A;
			productRefGroup = 8C9EBFFB2A8D488A009B745A /* Products */;
			projectDirPath = "";
			projectRoot = "";
			targets = (
				8C9EBFF92A8D488A009B745A /* ARCubeShooter */,
				8C9EC00E2A8D488C009B745A /* ARCubeShooterTests */,
				8C9EC0182A8D488D009B745A /* ARCubeShooterUITests */,
			);
		};
/* End PBXProject section */

/* Begin PBXResourcesBuildPhase section */
		8C9EBFF82A8D488A009B745A /* Resources */ = {
			isa = PBXResourcesBuildPhase;
			buildActionMask = 2147483647;
			files = (
				8C9EC00A2A8D488C009B745A /* LaunchScreen.storyboard in Resources */,
				8C9EC0072A8D488C009B745A /* Assets.xcassets in Resources */,
				8C9EC0302A8D48FB009B745A /* HomeView.storyboard in Resources */,
			);
			runOnlyForDeploymentPostprocessing = 0;
		};
		8C9EC00D2A8D488C009B745A /* Resources */ = {
			isa = PBXResourcesBuildPhase;
			buildActionMask = 2147483647;
			files = (
			);
			runOnlyForDeploymentPostprocessing = 0;
		};
		8C9EC0172A8D488D009B745A /* Resources */ = {
			isa = PBXResourcesBuildPhase;
			buildActionMask = 2147483647;
			files = (
			);
			runOnlyForDeploymentPostprocessing = 0;
		};
/* End PBXResourcesBuildPhase section */

/* Begin PBXSourcesBuildPhase section */
		8C9EBFF62A8D488A009B745A /* Sources */ = {
			isa = PBXSourcesBuildPhase;
			buildActionMask = 2147483647;
			files = (
				8C9EC0002A8D488A009B745A /* ViewController.swift in Sources */,
				8C9EBFFE2A8D488A009B745A /* AppDelegate.swift in Sources */,
				8C9EC0022A8D488A009B745A /* Experience.rcproject in Sources */,
				8C9EC02D2A8D48D3009B745A /* HomeViewController.swift in Sources */,
			);
			runOnlyForDeploymentPostprocessing = 0;
		};
		8C9EC00B2A8D488C009B745A /* Sources */ = {
			isa = PBXSourcesBuildPhase;
			buildActionMask = 2147483647;
			files = (
				8C9EC0142A8D488D009B745A /* ARCubeShooterTests.swift in Sources */,
			);
			runOnlyForDeploymentPostprocessing = 0;
		};
		8C9EC0152A8D488D009B745A /* Sources */ = {
			isa = PBXSourcesBuildPhase;
			buildActionMask = 2147483647;
			files = (
				8C9EC01E2A8D488D009B745A /* ARCubeShooterUITests.swift in Sources */,
				8C9EC0202A8D488D009B745A /* ARCubeShooterUITestsLaunchTests.swift in Sources */,
			);
			runOnlyForDeploymentPostprocessing = 0;
		};
/* End PBXSourcesBuildPhase section */

/* Begin PBXTargetDependency section */
		8C9EC0112A8D488D009B745A /* PBXTargetDependency */ = {
			isa = PBXTargetDependency;
			target = 8C9EBFF92A8D488A009B745A /* ARCubeShooter */;
			targetProxy = 8C9EC0102A8D488D009B745A /* PBXContainerItemProxy */;
		};
		8C9EC01B2A8D488D009B745A /* PBXTargetDependency */ = {
			isa = PBXTargetDependency;
			target = 8C9EBFF92A8D488A009B745A /* ARCubeShooter */;
			targetProxy = 8C9EC01A2A8D488D009B745A /* PBXContainerItemProxy */;
		};
/* End PBXTargetDependency section */

/* Begin PBXVariantGroup section */
		8C9EC0082A8D488C009B745A /* LaunchScreen.storyboard */ = {
			isa = PBXVariantGroup;
			children = (
				8C9EC0092A8D488C009B745A /* Base */,
			);
			name = LaunchScreen.storyboard;
			sourceTree = "<group>";
		};
/* End PBXVariantGroup section */

/* Begin XCBuildConfiguration section */
		8C9EC0212A8D488D009B745A /* Debug */ = {
			isa = XCBuildConfiguration;
			buildSettings = {
				ALWAYS_SEARCH_USER_PATHS = NO;
				CLANG_ANALYZER_NONNULL = YES;
				CLANG_ANALYZER_NUMBER_OBJECT_CONVERSION = YES_AGGRESSIVE;
				CLANG_CXX_LANGUAGE_STANDARD = "gnu++20";
				CLANG_ENABLE_MODULES = YES;
				CLANG_ENABLE_OBJC_ARC = YES;
				CLANG_ENABLE_OBJC_WEAK = YES;
				CLANG_WARN_BLOCK_CAPTURE_AUTORELEASING = YES;
				CLANG_WARN_BOOL_CONVERSION = YES;
				CLANG_WARN_COMMA = YES;
				CLANG_WARN_CONSTANT_CONVERSION = YES;
				CLANG_WARN_DEPRECATED_OBJC_IMPLEMENTATIONS = YES;
				CLANG_WARN_DIRECT_OBJC_ISA_USAGE = YES_ERROR;
				CLANG_WARN_DOCUMENTATION_COMMENTS = YES;
				CLANG_WARN_EMPTY_BODY = YES;
				CLANG_WARN_ENUM_CONVERSION = YES;
				CLANG_WARN_INFINITE_RECURSION = YES;
				CLANG_WARN_INT_CONVERSION = YES;
				CLANG_WARN_NON_LITERAL_NULL_CONVERSION = YES;
				CLANG_WARN_OBJC_IMPLICIT_RETAIN_SELF = YES;
				CLANG_WARN_OBJC_LITERAL_CONVERSION = YES;
				CLANG_WARN_OBJC_ROOT_CLASS = YES_ERROR;
				CLANG_WARN_QUOTED_INCLUDE_IN_FRAMEWORK_HEADER = YES;
				CLANG_WARN_RANGE_LOOP_ANALYSIS = YES;
				CLANG_WARN_STRICT_PROTOTYPES = YES;
				CLANG_WARN_SUSPICIOUS_MOVE = YES;
				CLANG_WARN_UNGUARDED_AVAILABILITY = YES_AGGRESSIVE;
				CLANG_WARN_UNREACHABLE_CODE = YES;
				CLANG_WARN__DUPLICATE_METHOD_MATCH = YES;
				COPY_PHASE_STRIP = NO;
				DEBUG_INFORMATION_FORMAT = dwarf;
				ENABLE_STRICT_OBJC_MSGSEND = YES;
				ENABLE_TESTABILITY = YES;
				GCC_C_LANGUAGE_STANDARD = gnu11;
				GCC_DYNAMIC_NO_PIC = NO;
				GCC_NO_COMMON_BLOCKS = YES;
				GCC_OPTIMIZATION_LEVEL = 0;
				GCC_PREPROCESSOR_DEFINITIONS = (
					"DEBUG=1",
					"$(inherited)",
				);
				GCC_WARN_64_TO_32_BIT_CONVERSION = YES;
				GCC_WARN_ABOUT_RETURN_TYPE = YES_ERROR;
				GCC_WARN_UNDECLARED_SELECTOR = YES;
				GCC_WARN_UNINITIALIZED_AUTOS = YES_AGGRESSIVE;
				GCC_WARN_UNUSED_FUNCTION = YES;
				GCC_WARN_UNUSED_VARIABLE = YES;
				IPHONEOS_DEPLOYMENT_TARGET = 16.4;
				MTL_ENABLE_DEBUG_INFO = INCLUDE_SOURCE;
				MTL_FAST_MATH = YES;
				ONLY_ACTIVE_ARCH = YES;
				SDKROOT = iphoneos;
				SWIFT_ACTIVE_COMPILATION_CONDITIONS = DEBUG;
				SWIFT_OPTIMIZATION_LEVEL = "-Onone";
			};
			name = Debug;
		};
		8C9EC0222A8D488D009B745A /* Release */ = {
			isa = XCBuildConfiguration;
			buildSettings = {
				ALWAYS_SEARCH_USER_PATHS = NO;
				CLANG_ANALYZER_NONNULL = YES;
				CLANG_ANALYZER_NUMBER_OBJECT_CONVERSION = YES_AGGRESSIVE;
				CLANG_CXX_LANGUAGE_STANDARD = "gnu++20";
				CLANG_ENABLE_MODULES = YES;
				CLANG_ENABLE_OBJC_ARC = YES;
				CLANG_ENABLE_OBJC_WEAK = YES;
				CLANG_WARN_BLOCK_CAPTURE_AUTORELEASING = YES;
				CLANG_WARN_BOOL_CONVERSION = YES;
				CLANG_WARN_COMMA = YES;
				CLANG_WARN_CONSTANT_CONVERSION = YES;
				CLANG_WARN_DEPRECATED_OBJC_IMPLEMENTATIONS = YES;
				CLANG_WARN_DIRECT_OBJC_ISA_USAGE = YES_ERROR;
				CLANG_WARN_DOCUMENTATION_COMMENTS = YES;
				CLANG_WARN_EMPTY_BODY = YES;
				CLANG_WARN_ENUM_CONVERSION = YES;
				CLANG_WARN_INFINITE_RECURSION = YES;
				CLANG_WARN_INT_CONVERSION = YES;
				CLANG_WARN_NON_LITERAL_NULL_CONVERSION = YES;
				CLANG_WARN_OBJC_IMPLICIT_RETAIN_SELF = YES;
				CLANG_WARN_OBJC_LITERAL_CONVERSION = YES;
				CLANG_WARN_OBJC_ROOT_CLASS = YES_ERROR;
				CLANG_WARN_QUOTED_INCLUDE_IN_FRAMEWORK_HEADER = YES;
				CLANG_WARN_RANGE_LOOP_ANALYSIS = YES;
				CLANG_WARN_STRICT_PROTOTYPES = YES;
				CLANG_WARN_SUSPICIOUS_MOVE = YES;
				CLANG_WARN_UNGUARDED_AVAILABILITY = YES_AGGRESSIVE;
				CLANG_WARN_UNREACHABLE_CODE = YES;
				CLANG_WARN__DUPLICATE_METHOD_MATCH = YES;
				COPY_PHASE_STRIP = NO;
				DEBUG_INFORMATION_FORMAT = "dwarf-with-dsym";
				ENABLE_NS_ASSERTIONS = NO;
				ENABLE_STRICT_OBJC_MSGSEND = YES;
				GCC_C_LANGUAGE_STANDARD = gnu11;
				GCC_NO_COMMON_BLOCKS = YES;
				GCC_WARN_64_TO_32_BIT_CONVERSION = YES;
				GCC_WARN_ABOUT_RETURN_TYPE = YES_ERROR;
				GCC_WARN_UNDECLARED_SELECTOR = YES;
				GCC_WARN_UNINITIALIZED_AUTOS = YES_AGGRESSIVE;
				GCC_WARN_UNUSED_FUNCTION = YES;
				GCC_WARN_UNUSED_VARIABLE = YES;
				IPHONEOS_DEPLOYMENT_TARGET = 16.4;
				MTL_ENABLE_DEBUG_INFO = NO;
				MTL_FAST_MATH = YES;
				SDKROOT = iphoneos;
				SWIFT_COMPILATION_MODE = wholemodule;
				SWIFT_OPTIMIZATION_LEVEL = "-O";
				VALIDATE_PRODUCT = YES;
			};
			name = Release;
		};
		8C9EC0242A8D488D009B745A /* Debug */ = {
			isa = XCBuildConfiguration;
			buildSettings = {
				ASSETCATALOG_COMPILER_APPICON_NAME = AppIcon;
				ASSETCATALOG_COMPILER_GLOBAL_ACCENT_COLOR_NAME = AccentColor;
				CODE_SIGN_STYLE = Automatic;
				CURRENT_PROJECT_VERSION = 1;
				DEVELOPMENT_TEAM = 4VA5NBL27P;
				GENERATE_INFOPLIST_FILE = YES;
				INFOPLIST_KEY_NSCameraUsageDescription = "現実を拡張します";
				INFOPLIST_KEY_UIApplicationSupportsIndirectInputEvents = YES;
				INFOPLIST_KEY_UILaunchStoryboardName = LaunchScreen;
				INFOPLIST_KEY_UIMainStoryboardFile = Home;
				INFOPLIST_KEY_UIRequiredDeviceCapabilities = arkit;
				INFOPLIST_KEY_UIStatusBarHidden = YES;
				INFOPLIST_KEY_UISupportedInterfaceOrientations_iPad = "UIInterfaceOrientationPortrait UIInterfaceOrientationPortraitUpsideDown UIInterfaceOrientationLandscapeLeft UIInterfaceOrientationLandscapeRight";
				INFOPLIST_KEY_UISupportedInterfaceOrientations_iPhone = "UIInterfaceOrientationPortrait UIInterfaceOrientationLandscapeLeft UIInterfaceOrientationLandscapeRight";
				LD_RUNPATH_SEARCH_PATHS = (
					"$(inherited)",
					"@executable_path/Frameworks",
				);
				MARKETING_VERSION = 1.0;
				PRODUCT_BUNDLE_IDENTIFIER = com.gmail.tukareta.nori.ARCubeShooter;
				PRODUCT_NAME = "$(TARGET_NAME)";
				SWIFT_EMIT_LOC_STRINGS = YES;
				SWIFT_VERSION = 5.0;
				TARGETED_DEVICE_FAMILY = "1,2";
			};
			name = Debug;
		};
		8C9EC0252A8D488D009B745A /* Release */ = {
			isa = XCBuildConfiguration;
			buildSettings = {
				ASSETCATALOG_COMPILER_APPICON_NAME = AppIcon;
				ASSETCATALOG_COMPILER_GLOBAL_ACCENT_COLOR_NAME = AccentColor;
				CODE_SIGN_STYLE = Automatic;
				CURRENT_PROJECT_VERSION = 1;
				DEVELOPMENT_TEAM = 4VA5NBL27P;
				GENERATE_INFOPLIST_FILE = YES;
				INFOPLIST_KEY_NSCameraUsageDescription = "現実を拡張します";
				INFOPLIST_KEY_UIApplicationSupportsIndirectInputEvents = YES;
				INFOPLIST_KEY_UILaunchStoryboardName = LaunchScreen;
				INFOPLIST_KEY_UIMainStoryboardFile = Home;
				INFOPLIST_KEY_UIRequiredDeviceCapabilities = arkit;
				INFOPLIST_KEY_UIStatusBarHidden = YES;
				INFOPLIST_KEY_UISupportedInterfaceOrientations_iPad = "UIInterfaceOrientationPortrait UIInterfaceOrientationPortraitUpsideDown UIInterfaceOrientationLandscapeLeft UIInterfaceOrientationLandscapeRight";
				INFOPLIST_KEY_UISupportedInterfaceOrientations_iPhone = "UIInterfaceOrientationPortrait UIInterfaceOrientationLandscapeLeft UIInterfaceOrientationLandscapeRight";
				LD_RUNPATH_SEARCH_PATHS = (
					"$(inherited)",
					"@executable_path/Frameworks",
				);
				MARKETING_VERSION = 1.0;
				PRODUCT_BUNDLE_IDENTIFIER = com.gmail.tukareta.nori.ARCubeShooter;
				PRODUCT_NAME = "$(TARGET_NAME)";
				SWIFT_EMIT_LOC_STRINGS = YES;
				SWIFT_VERSION = 5.0;
				TARGETED_DEVICE_FAMILY = "1,2";
			};
			name = Release;
		};
		8C9EC0272A8D488D009B745A /* Debug */ = {
			isa = XCBuildConfiguration;
			buildSettings = {
				ALWAYS_EMBED_SWIFT_STANDARD_LIBRARIES = YES;
				BUNDLE_LOADER = "$(TEST_HOST)";
				CODE_SIGN_STYLE = Automatic;
				CURRENT_PROJECT_VERSION = 1;
				DEVELOPMENT_TEAM = 4VA5NBL27P;
				GENERATE_INFOPLIST_FILE = YES;
				IPHONEOS_DEPLOYMENT_TARGET = 16.4;
				MARKETING_VERSION = 1.0;
				PRODUCT_BUNDLE_IDENTIFIER = com.gmail.tukareta.nori.ARCubeShooterTests;
				PRODUCT_NAME = "$(TARGET_NAME)";
				SWIFT_EMIT_LOC_STRINGS = NO;
				SWIFT_VERSION = 5.0;
				TARGETED_DEVICE_FAMILY = "1,2";
				TEST_HOST = "$(BUILT_PRODUCTS_DIR)/ARCubeShooter.app/$(BUNDLE_EXECUTABLE_FOLDER_PATH)/ARCubeShooter";
			};
			name = Debug;
		};
		8C9EC0282A8D488D009B745A /* Release */ = {
			isa = XCBuildConfiguration;
			buildSettings = {
				ALWAYS_EMBED_SWIFT_STANDARD_LIBRARIES = YES;
				BUNDLE_LOADER = "$(TEST_HOST)";
				CODE_SIGN_STYLE = Automatic;
				CURRENT_PROJECT_VERSION = 1;
				DEVELOPMENT_TEAM = 4VA5NBL27P;
				GENERATE_INFOPLIST_FILE = YES;
				IPHONEOS_DEPLOYMENT_TARGET = 16.4;
				MARKETING_VERSION = 1.0;
				PRODUCT_BUNDLE_IDENTIFIER = com.gmail.tukareta.nori.ARCubeShooterTests;
				PRODUCT_NAME = "$(TARGET_NAME)";
				SWIFT_EMIT_LOC_STRINGS = NO;
				SWIFT_VERSION = 5.0;
				TARGETED_DEVICE_FAMILY = "1,2";
				TEST_HOST = "$(BUILT_PRODUCTS_DIR)/ARCubeShooter.app/$(BUNDLE_EXECUTABLE_FOLDER_PATH)/ARCubeShooter";
			};
			name = Release;
		};
		8C9EC02A2A8D488D009B745A /* Debug */ = {
			isa = XCBuildConfiguration;
			buildSettings = {
				ALWAYS_EMBED_SWIFT_STANDARD_LIBRARIES = YES;
				CODE_SIGN_STYLE = Automatic;
				CURRENT_PROJECT_VERSION = 1;
				DEVELOPMENT_TEAM = 4VA5NBL27P;
				GENERATE_INFOPLIST_FILE = YES;
				MARKETING_VERSION = 1.0;
				PRODUCT_BUNDLE_IDENTIFIER = com.gmail.tukareta.nori.ARCubeShooterUITests;
				PRODUCT_NAME = "$(TARGET_NAME)";
				SWIFT_EMIT_LOC_STRINGS = NO;
				SWIFT_VERSION = 5.0;
				TARGETED_DEVICE_FAMILY = "1,2";
				TEST_TARGET_NAME = ARCubeShooter;
			};
			name = Debug;
		};
		8C9EC02B2A8D488D009B745A /* Release */ = {
			isa = XCBuildConfiguration;
			buildSettings = {
				ALWAYS_EMBED_SWIFT_STANDARD_LIBRARIES = YES;
				CODE_SIGN_STYLE = Automatic;
				CURRENT_PROJECT_VERSION = 1;
				DEVELOPMENT_TEAM = 4VA5NBL27P;
				GENERATE_INFOPLIST_FILE = YES;
				MARKETING_VERSION = 1.0;
				PRODUCT_BUNDLE_IDENTIFIER = com.gmail.tukareta.nori.ARCubeShooterUITests;
				PRODUCT_NAME = "$(TARGET_NAME)";
				SWIFT_EMIT_LOC_STRINGS = NO;
				SWIFT_VERSION = 5.0;
				TARGETED_DEVICE_FAMILY = "1,2";
				TEST_TARGET_NAME = ARCubeShooter;
			};
			name = Release;
		};
/* End XCBuildConfiguration section */

/* Begin XCConfigurationList section */
		8C9EBFF52A8D488A009B745A /* Build configuration list for PBXProject "ARCubeShooter" */ = {
			isa = XCConfigurationList;
			buildConfigurations = (
				8C9EC0212A8D488D009B745A /* Debug */,
				8C9EC0222A8D488D009B745A /* Release */,
			);
			defaultConfigurationIsVisible = 0;
			defaultConfigurationName = Release;
		};
		8C9EC0232A8D488D009B745A /* Build configuration list for PBXNativeTarget "ARCubeShooter" */ = {
			isa = XCConfigurationList;
			buildConfigurations = (
				8C9EC0242A8D488D009B745A /* Debug */,
				8C9EC0252A8D488D009B745A /* Release */,
			);
			defaultConfigurationIsVisible = 0;
			defaultConfigurationName = Release;
		};
		8C9EC0262A8D488D009B745A /* Build configuration list for PBXNativeTarget "ARCubeShooterTests" */ = {
			isa = XCConfigurationList;
			buildConfigurations = (
				8C9EC0272A8D488D009B745A /* Debug */,
				8C9EC0282A8D488D009B745A /* Release */,
			);
			defaultConfigurationIsVisible = 0;
			defaultConfigurationName = Release;
		};
		8C9EC0292A8D488D009B745A /* Build configuration list for PBXNativeTarget "ARCubeShooterUITests" */ = {
			isa = XCConfigurationList;
			buildConfigurations = (
				8C9EC02A2A8D488D009B745A /* Debug */,
				8C9EC02B2A8D488D009B745A /* Release */,
			);
			defaultConfigurationIsVisible = 0;
			defaultConfigurationName = Release;
		};
/* End XCConfigurationList section */
	};
	rootObject = 8C9EBFF22A8D488A009B745A /* Project object */;
}
